
Microsoft Visual Studio Solution File, Format Version 12.00
# Visual Studio Version 16
VisualStudioVersion = 16.0.31019.35
MinimumVisualStudioVersion = 10.0.40219.1
Project("{9A19103F-16F7-4668-BE54-9A1E7A4F7556}") = "Opwarmers", "Opwarmers\Opwarmers.csproj", "{B5E74CB4-CFE1-414A-AC45-8C1C31F1CEC1}"
EndProject
Project("{FAE04EC0-301F-11D3-BF4B-00C04F79EFBC}") = "Leverbedrijf", "Leverbedrijf\Leverbedrijf.csproj", "{24E9D005-7A2C-4DD9-B4C5-A3C5699007A7}"
EndProject
Project("{FAE04EC0-301F-11D3-BF4B-00C04F79EFBC}") = "PRO_Password_Generator", "PRO_Password_Generator\PRO_Password_Generator.csproj", "{3BD16726-C92A-4617-B7E6-D973FADED4FB}"
EndProject
Global
	GlobalSection(SolutionConfigurationPlatforms) = preSolution
		Debug|Any CPU = Debug|Any CPU
		Release|Any CPU = Release|Any CPU
	EndGlobalSection
	GlobalSection(ProjectConfigurationPlatforms) = postSolution
		{B5E74CB4-CFE1-414A-AC45-8C1C31F1CEC1}.Debug|Any CPU.ActiveCfg = Debug|Any CPU
		{B5E74CB4-CFE1-414A-AC45-8C1C31F1CEC1}.Debug|Any CPU.Build.0 = Debug|Any CPU
		{B5E74CB4-CFE1-414A-AC45-8C1C31F1CEC1}.Release|Any CPU.ActiveCfg = Release|Any CPU
		{B5E74CB4-CFE1-414A-AC45-8C1C31F1CEC1}.Release|Any CPU.Build.0 = Release|Any CPU
		{24E9D005-7A2C-4DD9-B4C5-A3C5699007A7}.Debug|Any CPU.ActiveCfg = Debug|Any CPU
		{24E9D005-7A2C-4DD9-B4C5-A3C5699007A7}.Debug|Any CPU.Build.0 = Debug|Any CPU
		{24E9D005-7A2C-4DD9-B4C5-A3C5699007A7}.Release|Any CPU.ActiveCfg = Release|Any CPU
		{24E9D005-7A2C-4DD9-B4C5-A3C5699007A7}.Release|Any CPU.Build.0 = Release|Any CPU
		{3BD16726-C92A-4617-B7E6-D973FADED4FB}.Debug|Any CPU.ActiveCfg = Debug|Any CPU
		{3BD16726-C92A-4617-B7E6-D973FADED4FB}.Debug|Any CPU.Build.0 = Debug|Any CPU
		{3BD16726-C92A-4617-B7E6-D973FADED4FB}.Release|Any CPU.ActiveCfg = Release|Any CPU
		{3BD16726-C92A-4617-B7E6-D973FADED4FB}.Release|Any CPU.Build.0 = Release|Any CPU
	EndGlobalSection
	GlobalSection(SolutionProperties) = preSolution
		HideSolutionNode = FALSE
	EndGlobalSection
	GlobalSection(ExtensibilityGlobals) = postSolution
		SolutionGuid = {8F7F92DD-C224-42AB-9B5F-955F23447455}
	EndGlobalSection
EndGlobal
